
Microsoft Visual Studio Solution File, Format Version 12.00
# Visual Studio Version 17
VisualStudioVersion = 17.1.32421.90
MinimumVisualStudioVersion = 10.0.40219.1
Project("{888888A0-9F3D-457C-B088-3A5042F75D52}") = "IDSplit", "IDSplit\IDSplit.pyproj", "{2BAC8C16-ADBB-4B1C-A277-42F6BEAD9A30}"
EndProject
Global
	GlobalSection(SolutionConfigurationPlatforms) = preSolution
		Debug|Any CPU = Debug|Any CPU
		Release|Any CPU = Release|Any CPU
	EndGlobalSection
	GlobalSection(ProjectConfigurationPlatforms) = postSolution
		{2BAC8C16-ADBB-4B1C-A277-42F6BEAD9A30}.Debug|Any CPU.ActiveCfg = Debug|Any CPU
		{2BAC8C16-ADBB-4B1C-A277-42F6BEAD9A30}.Release|Any CPU.ActiveCfg = Release|Any CPU
	EndGlobalSection
	GlobalSection(SolutionProperties) = preSolution
		HideSolutionNode = FALSE
	EndGlobalSection
	GlobalSection(ExtensibilityGlobals) = postSolution
		SolutionGuid = {B9511037-11D7-4BFC-A83C-F9D0BA3884BD}
	EndGlobalSection
EndGlobal
